PODS:
  - Contentstack (3.12.0)
  - Realm (10.43.1):
    - Realm/Headers (= 10.43.1)
  - Realm/Headers (10.43.1)

DEPENDENCIES:
  - Contentstack
  - Realm

SPEC REPOS:
  trunk:
    - Contentstack
    - Realm

SPEC CHECKSUMS:
  Contentstack: 9d1dbbcc759c6a99b766610cc83df98eaa11dd69
  Realm: d97b438de77459e443bd2c8ad5ca0f95107aee4b

PODFILE CHECKSUM: 1f06bd77d994e6965510fdf5f30229e07b6e36c3

COCOAPODS: 1.13.0
